
Microsoft Visual Studio Solution File, Format Version 12.00
# Visual Studio Version 17
VisualStudioVersion = 17.14.36203.30
MinimumVisualStudioVersion = 10.0.40219.1
Project("{F2A71F9B-5D33-465A-A702-920D77279786}") = "clod--tests", "tests\clod--tests.fsproj", "{F5C9D583-D035-B56A-FB23-5C091AAB03CF}"
EndProject
Project("{F2A71F9B-5D33-465A-A702-920D77279786}") = "clod--", "src\clod--.fsproj", "{40B7E9A5-7C20-5A1B-237F-667C76129C82}"
EndProject
Global
	GlobalSection(SolutionConfigurationPlatforms) = preSolution
		Debug|Any CPU = Debug|Any CPU
		Release|Any CPU = Release|Any CPU
	EndGlobalSection
	GlobalSection(ProjectConfigurationPlatforms) = postSolution
		{F5C9D583-D035-B56A-FB23-5C091AAB03CF}.Debug|Any CPU.ActiveCfg = Debug|Any CPU
		{F5C9D583-D035-B56A-FB23-5C091AAB03CF}.Debug|Any CPU.Build.0 = Debug|Any CPU
		{F5C9D583-D035-B56A-FB23-5C091AAB03CF}.Release|Any CPU.ActiveCfg = Release|Any CPU
		{F5C9D583-D035-B56A-FB23-5C091AAB03CF}.Release|Any CPU.Build.0 = Release|Any CPU
		{40B7E9A5-7C20-5A1B-237F-667C76129C82}.Debug|Any CPU.ActiveCfg = Debug|Any CPU
		{40B7E9A5-7C20-5A1B-237F-667C76129C82}.Debug|Any CPU.Build.0 = Debug|Any CPU
		{40B7E9A5-7C20-5A1B-237F-667C76129C82}.Release|Any CPU.ActiveCfg = Release|Any CPU
		{40B7E9A5-7C20-5A1B-237F-667C76129C82}.Release|Any CPU.Build.0 = Release|Any CPU
	EndGlobalSection
	GlobalSection(SolutionProperties) = preSolution
		HideSolutionNode = FALSE
	EndGlobalSection
	GlobalSection(ExtensibilityGlobals) = postSolution
		SolutionGuid = {CEB5C3BE-2EE3-4386-9EF5-A68A8093543C}
	EndGlobalSection
EndGlobal
